
Microsoft Visual Studio Solution File, Format Version 12.00
# Visual Studio Version 16
VisualStudioVersion = 16.0.29920.165
MinimumVisualStudioVersion = 10.0.40219.1
Project("{FAE04EC0-301F-11D3-BF4B-00C04F79EFBC}") = "ENI-Xamarin-30032020.UWP", "ENI-Xamarin-30032020\ENI-Xamarin-30032020.UWP\ENI-Xamarin-30032020.UWP.csproj", "{11A0E5FB-9906-4CBE-8131-7D5738F57526}"
EndProject
Project("{FAE04EC0-301F-11D3-BF4B-00C04F79EFBC}") = "ENI-Xamarin-30032020.Android", "ENI-Xamarin-30032020\ENI-Xamarin-30032020.Android\ENI-Xamarin-30032020.Android.csproj", "{C40AB08A-98E9-430D-85C0-C14495FC5E9C}"
EndProject
Project("{FAE04EC0-301F-11D3-BF4B-00C04F79EFBC}") = "ENI-Xamarin-30032020", "ENI-Xamarin-30032020\ENI-Xamarin-30032020\ENI-Xamarin-30032020.csproj", "{04F9DA7E-9F80-4FA4-A0F4-6B58E35A6F7A}"
EndProject
Project("{2150E333-8FDC-42A3-9474-1A3956D46DE8}") = "Module4-TP01", "Module4-TP01", "{CAAB3FDA-352C-438E-9036-A2127F08EA59}"
EndProject
Project("{FAE04EC0-301F-11D3-BF4B-00C04F79EFBC}") = "Xamrin-Module4-TP01.UWP", "Xamrin-Module4-TP01\Xamrin-Module4-TP01.UWP\Xamrin-Module4-TP01.UWP.csproj", "{6A867BD6-AB50-4D2C-AE48-A01DF3B28A42}"
EndProject
Project("{FAE04EC0-301F-11D3-BF4B-00C04F79EFBC}") = "Xamrin-Module4-TP01", "Xamrin-Module4-TP01\Xamrin-Module4-TP01\Xamrin-Module4-TP01.csproj", "{814951AF-54E8-4820-91C9-64CCC42EBA66}"
EndProject
Project("{2150E333-8FDC-42A3-9474-1A3956D46DE8}") = "Module5-TP02", "Module5-TP02", "{6F57FAAE-BB3E-4248-83E1-F04493497E38}"
EndProject
Project("{FAE04EC0-301F-11D3-BF4B-00C04F79EFBC}") = "Xamarin-Module5-TP02.UWP", "Xamarin-Module5-TP02\Xamarin-Module5-TP02.UWP\Xamarin-Module5-TP02.UWP.csproj", "{21829866-68AB-47D9-A05C-79A63A615D18}"
EndProject
Project("{FAE04EC0-301F-11D3-BF4B-00C04F79EFBC}") = "Xamarin-Module5-TP02.Android", "Xamarin-Module5-TP02\Xamarin-Module5-TP02.Android\Xamarin-Module5-TP02.Android.csproj", "{18265F63-1E87-47BD-9E3E-ED41C36BAA38}"
EndProject
Project("{FAE04EC0-301F-11D3-BF4B-00C04F79EFBC}") = "Xamarin-Module5-TP02", "Xamarin-Module5-TP02\Xamarin-Module5-TP02\Xamarin-Module5-TP02.csproj", "{EA7C483E-09E7-4B3C-B23E-02F501571632}"
EndProject
Project("{2150E333-8FDC-42A3-9474-1A3956D46DE8}") = "Module6-TP03", "Module6-TP03", "{04267023-A068-44D2-9DFA-83E6CDBB88AC}"
EndProject
Project("{FAE04EC0-301F-11D3-BF4B-00C04F79EFBC}") = "Xamarin-Module6-TP03.UWP", "Xamarin-Module6-TP03\Xamarin-Module6-TP03.UWP\Xamarin-Module6-TP03.UWP.csproj", "{295A39D7-8C47-4ADC-8114-7EA9607B7EF2}"
EndProject
Project("{FAE04EC0-301F-11D3-BF4B-00C04F79EFBC}") = "Xamarin-Module6-TP03.Android", "Xamarin-Module6-TP03\Xamarin-Module6-TP03.Android\Xamarin-Module6-TP03.Android.csproj", "{F9924D97-CE1D-4EB5-99C1-1BC89C6B8B21}"
EndProject
Project("{FAE04EC0-301F-11D3-BF4B-00C04F79EFBC}") = "Xamarin-Module6-TP03", "Xamarin-Module6-TP03\Xamarin-Module6-TP03\Xamarin-Module6-TP03.csproj", "{592473A9-171F-4C61-A322-09C8A149D8F6}"
EndProject
Project("{2150E333-8FDC-42A3-9474-1A3956D46DE8}") = "Module7-TP04", "Module7-TP04", "{6152FC07-D6E2-46B2-BFBD-9F51F14DFF65}"
EndProject
Project("{FAE04EC0-301F-11D3-BF4B-00C04F79EFBC}") = "Xamarin-Module7-TP04.UWP", "Xamarin-Module7-TP04\Xamarin-Module7-TP04.UWP\Xamarin-Module7-TP04.UWP.csproj", "{E3E2EF28-82FD-47E1-9290-9ECB90BF329A}"
EndProject
Project("{FAE04EC0-301F-11D3-BF4B-00C04F79EFBC}") = "Xamarin-Module7-TP04.Android", "Xamarin-Module7-TP04\Xamarin-Module7-TP04.Android\Xamarin-Module7-TP04.Android.csproj", "{F9A7DB9C-A365-4D93-86CB-03CADEA7B235}"
EndProject
Project("{FAE04EC0-301F-11D3-BF4B-00C04F79EFBC}") = "Xamarin-Module7-TP04", "Xamarin-Module7-TP04\Xamarin-Module7-TP04\Xamarin-Module7-TP04.csproj", "{0F181578-6F3A-4EE6-B64C-4AF1716C171A}"
EndProject
Project("{2150E333-8FDC-42A3-9474-1A3956D46DE8}") = "Module8-TP05", "Module8-TP05", "{C74F86CA-55F5-4050-9978-451B0D17F967}"
EndProject
Project("{FAE04EC0-301F-11D3-BF4B-00C04F79EFBC}") = "Xamarin-Module8-TP05.UWP", "Xamarin-Module8-TP05\Xamarin-Module8-TP05.UWP\Xamarin-Module8-TP05.UWP.csproj", "{3522E67D-FA41-42B9-B76C-3EF8D990FF4C}"
EndProject
Project("{FAE04EC0-301F-11D3-BF4B-00C04F79EFBC}") = "Xamarin-Module8-TP05.Android", "Xamarin-Module8-TP05\Xamarin-Module8-TP05.Android\Xamarin-Module8-TP05.Android.csproj", "{960FA2E0-D04C-4105-A359-F9D48037C91A}"
EndProject
Project("{FAE04EC0-301F-11D3-BF4B-00C04F79EFBC}") = "Xamarin-Module8-TP05", "Xamarin-Module8-TP05\Xamarin-Module8-TP05\Xamarin-Module8-TP05.csproj", "{8E3CE9C0-728E-4C80-AEE9-B2F6F0B27F53}"
EndProject
Project("{2150E333-8FDC-42A3-9474-1A3956D46DE8}") = "Module9-TP06", "Module9-TP06", "{76C8FA38-E339-4C31-BFF0-6201DA185286}"
	ProjectSection(SolutionItems) = preProject
		EnonceTP6.txt = EnonceTP6.txt
	EndProjectSection
EndProject
Project("{FAE04EC0-301F-11D3-BF4B-00C04F79EFBC}") = "Xamarin-Module9-TP06.UWP", "Xamarin-Module9-TP06\Xamarin-Module9-TP06.UWP\Xamarin-Module9-TP06.UWP.csproj", "{805631B3-1AD3-438C-BB3B-7051304D5063}"
EndProject
Project("{FAE04EC0-301F-11D3-BF4B-00C04F79EFBC}") = "Xamarin-Module9-TP06.Android", "Xamarin-Module9-TP06\Xamarin-Module9-TP06.Android\Xamarin-Module9-TP06.Android.csproj", "{871A5D12-90C7-4851-A610-9808CA361392}"
EndProject
Project("{FAE04EC0-301F-11D3-BF4B-00C04F79EFBC}") = "Xamarin-Module9-TP06", "Xamarin-Module9-TP06\Xamarin-Module9-TP06\Xamarin-Module9-TP06.csproj", "{AA40ACB2-F07D-46C1-A4B0-D886F72FC4DD}"
EndProject
Global
	GlobalSection(SolutionConfigurationPlatforms) = preSolution
		Debug|Any CPU = Debug|Any CPU
		Debug|ARM = Debug|ARM
		Debug|x64 = Debug|x64
		Debug|x86 = Debug|x86
		Release|Any CPU = Release|Any CPU
		Release|ARM = Release|ARM
		Release|x64 = Release|x64
		Release|x86 = Release|x86
	EndGlobalSection
	GlobalSection(ProjectConfigurationPlatforms) = postSolution
		{11A0E5FB-9906-4CBE-8131-7D5738F57526}.Debug|Any CPU.ActiveCfg = Debug|x86
		{11A0E5FB-9906-4CBE-8131-7D5738F57526}.Debug|Any CPU.Build.0 = Debug|x86
		{11A0E5FB-9906-4CBE-8131-7D5738F57526}.Debug|Any CPU.Deploy.0 = Debug|x86
		{11A0E5FB-9906-4CBE-8131-7D5738F57526}.Debug|ARM.ActiveCfg = Debug|ARM
		{11A0E5FB-9906-4CBE-8131-7D5738F57526}.Debug|ARM.Build.0 = Debug|ARM
		{11A0E5FB-9906-4CBE-8131-7D5738F57526}.Debug|ARM.Deploy.0 = Debug|ARM
		{11A0E5FB-9906-4CBE-8131-7D5738F57526}.Debug|x64.ActiveCfg = Debug|x64
		{11A0E5FB-9906-4CBE-8131-7D5738F57526}.Debug|x64.Build.0 = Debug|x64
		{11A0E5FB-9906-4CBE-8131-7D5738F57526}.Debug|x64.Deploy.0 = Debug|x64
		{11A0E5FB-9906-4CBE-8131-7D5738F57526}.Debug|x86.ActiveCfg = Debug|x86
		{11A0E5FB-9906-4CBE-8131-7D5738F57526}.Debug|x86.Build.0 = Debug|x86
		{11A0E5FB-9906-4CBE-8131-7D5738F57526}.Debug|x86.Deploy.0 = Debug|x86
		{11A0E5FB-9906-4CBE-8131-7D5738F57526}.Release|Any CPU.ActiveCfg = Release|x86
		{11A0E5FB-9906-4CBE-8131-7D5738F57526}.Release|Any CPU.Build.0 = Release|x86
		{11A0E5FB-9906-4CBE-8131-7D5738F57526}.Release|Any CPU.Deploy.0 = Release|x86
		{11A0E5FB-9906-4CBE-8131-7D5738F57526}.Release|ARM.ActiveCfg = Release|ARM
		{11A0E5FB-9906-4CBE-8131-7D5738F57526}.Release|ARM.Build.0 = Release|ARM
		{11A0E5FB-9906-4CBE-8131-7D5738F57526}.Release|ARM.Deploy.0 = Release|ARM
		{11A0E5FB-9906-4CBE-8131-7D5738F57526}.Release|x64.ActiveCfg = Release|x64
		{11A0E5FB-9906-4CBE-8131-7D5738F57526}.Release|x64.Build.0 = Release|x64
		{11A0E5FB-9906-4CBE-8131-7D5738F57526}.Release|x64.Deploy.0 = Release|x64
		{11A0E5FB-9906-4CBE-8131-7D5738F57526}.Release|x86.ActiveCfg = Release|x86
		{11A0E5FB-9906-4CBE-8131-7D5738F57526}.Release|x86.Build.0 = Release|x86
		{11A0E5FB-9906-4CBE-8131-7D5738F57526}.Release|x86.Deploy.0 = Release|x86
		{C40AB08A-98E9-430D-85C0-C14495FC5E9C}.Debug|Any CPU.ActiveCfg = Debug|Any CPU
		{C40AB08A-98E9-430D-85C0-C14495FC5E9C}.Debug|Any CPU.Build.0 = Debug|Any CPU
		{C40AB08A-98E9-430D-85C0-C14495FC5E9C}.Debug|Any CPU.Deploy.0 = Debug|Any CPU
		{C40AB08A-98E9-430D-85C0-C14495FC5E9C}.Debug|ARM.ActiveCfg = Debug|Any CPU
		{C40AB08A-98E9-430D-85C0-C14495FC5E9C}.Debug|ARM.Build.0 = Debug|Any CPU
		{C40AB08A-98E9-430D-85C0-C14495FC5E9C}.Debug|ARM.Deploy.0 = Debug|Any CPU
		{C40AB08A-98E9-430D-85C0-C14495FC5E9C}.Debug|x64.ActiveCfg = Debug|Any CPU
		{C40AB08A-98E9-430D-85C0-C14495FC5E9C}.Debug|x64.Build.0 = Debug|Any CPU
		{C40AB08A-98E9-430D-85C0-C14495FC5E9C}.Debug|x64.Deploy.0 = Debug|Any CPU
		{C40AB08A-98E9-430D-85C0-C14495FC5E9C}.Debug|x86.ActiveCfg = Debug|Any CPU
		{C40AB08A-98E9-430D-85C0-C14495FC5E9C}.Debug|x86.Build.0 = Debug|Any CPU
		{C40AB08A-98E9-430D-85C0-C14495FC5E9C}.Debug|x86.Deploy.0 = Debug|Any CPU
		{C40AB08A-98E9-430D-85C0-C14495FC5E9C}.Release|Any CPU.ActiveCfg = Release|Any CPU
		{C40AB08A-98E9-430D-85C0-C14495FC5E9C}.Release|Any CPU.Build.0 = Release|Any CPU
		{C40AB08A-98E9-430D-85C0-C14495FC5E9C}.Release|Any CPU.Deploy.0 = Release|Any CPU
		{C40AB08A-98E9-430D-85C0-C14495FC5E9C}.Release|ARM.ActiveCfg = Release|Any CPU
		{C40AB08A-98E9-430D-85C0-C14495FC5E9C}.Release|ARM.Build.0 = Release|Any CPU
		{C40AB08A-98E9-430D-85C0-C14495FC5E9C}.Release|ARM.Deploy.0 = Release|Any CPU
		{C40AB08A-98E9-430D-85C0-C14495FC5E9C}.Release|x64.ActiveCfg = Release|Any CPU
		{C40AB08A-98E9-430D-85C0-C14495FC5E9C}.Release|x64.Build.0 = Release|Any CPU
		{C40AB08A-98E9-430D-85C0-C14495FC5E9C}.Release|x64.Deploy.0 = Release|Any CPU
		{C40AB08A-98E9-430D-85C0-C14495FC5E9C}.Release|x86.ActiveCfg = Release|Any CPU
		{C40AB08A-98E9-430D-85C0-C14495FC5E9C}.Release|x86.Build.0 = Release|Any CPU
		{C40AB08A-98E9-430D-85C0-C14495FC5E9C}.Release|x86.Deploy.0 = Release|Any CPU
		{04F9DA7E-9F80-4FA4-A0F4-6B58E35A6F7A}.Debug|Any CPU.ActiveCfg = Debug|Any CPU
		{04F9DA7E-9F80-4FA4-A0F4-6B58E35A6F7A}.Debug|Any CPU.Build.0 = Debug|Any CPU
		{04F9DA7E-9F80-4FA4-A0F4-6B58E35A6F7A}.Debug|Any CPU.Deploy.0 = Debug|Any CPU
		{04F9DA7E-9F80-4FA4-A0F4-6B58E35A6F7A}.Debug|ARM.ActiveCfg = Debug|Any CPU
		{04F9DA7E-9F80-4FA4-A0F4-6B58E35A6F7A}.Debug|ARM.Build.0 = Debug|Any CPU
		{04F9DA7E-9F80-4FA4-A0F4-6B58E35A6F7A}.Debug|ARM.Deploy.0 = Debug|Any CPU
		{04F9DA7E-9F80-4FA4-A0F4-6B58E35A6F7A}.Debug|x64.ActiveCfg = Debug|Any CPU
		{04F9DA7E-9F80-4FA4-A0F4-6B58E35A6F7A}.Debug|x64.Build.0 = Debug|Any CPU
		{04F9DA7E-9F80-4FA4-A0F4-6B58E35A6F7A}.Debug|x64.Deploy.0 = Debug|Any CPU
		{04F9DA7E-9F80-4FA4-A0F4-6B58E35A6F7A}.Debug|x86.ActiveCfg = Debug|Any CPU
		{04F9DA7E-9F80-4FA4-A0F4-6B58E35A6F7A}.Debug|x86.Build.0 = Debug|Any CPU
		{04F9DA7E-9F80-4FA4-A0F4-6B58E35A6F7A}.Debug|x86.Deploy.0 = Debug|Any CPU
		{04F9DA7E-9F80-4FA4-A0F4-6B58E35A6F7A}.Release|Any CPU.ActiveCfg = Release|Any CPU
		{04F9DA7E-9F80-4FA4-A0F4-6B58E35A6F7A}.Release|Any CPU.Build.0 = Release|Any CPU
		{04F9DA7E-9F80-4FA4-A0F4-6B58E35A6F7A}.Release|Any CPU.Deploy.0 = Release|Any CPU
		{04F9DA7E-9F80-4FA4-A0F4-6B58E35A6F7A}.Release|ARM.ActiveCfg = Release|Any CPU
		{04F9DA7E-9F80-4FA4-A0F4-6B58E35A6F7A}.Release|ARM.Build.0 = Release|Any CPU
		{04F9DA7E-9F80-4FA4-A0F4-6B58E35A6F7A}.Release|ARM.Deploy.0 = Release|Any CPU
		{04F9DA7E-9F80-4FA4-A0F4-6B58E35A6F7A}.Release|x64.ActiveCfg = Release|Any CPU
		{04F9DA7E-9F80-4FA4-A0F4-6B58E35A6F7A}.Release|x64.Build.0 = Release|Any CPU
		{04F9DA7E-9F80-4FA4-A0F4-6B58E35A6F7A}.Release|x64.Deploy.0 = Release|Any CPU
		{04F9DA7E-9F80-4FA4-A0F4-6B58E35A6F7A}.Release|x86.ActiveCfg = Release|Any CPU
		{04F9DA7E-9F80-4FA4-A0F4-6B58E35A6F7A}.Release|x86.Build.0 = Release|Any CPU
		{04F9DA7E-9F80-4FA4-A0F4-6B58E35A6F7A}.Release|x86.Deploy.0 = Release|Any CPU
		{6A867BD6-AB50-4D2C-AE48-A01DF3B28A42}.Debug|Any CPU.ActiveCfg = Debug|x86
		{6A867BD6-AB50-4D2C-AE48-A01DF3B28A42}.Debug|ARM.ActiveCfg = Debug|ARM
		{6A867BD6-AB50-4D2C-AE48-A01DF3B28A42}.Debug|ARM.Build.0 = Debug|ARM
		{6A867BD6-AB50-4D2C-AE48-A01DF3B28A42}.Debug|ARM.Deploy.0 = Debug|ARM
		{6A867BD6-AB50-4D2C-AE48-A01DF3B28A42}.Debug|x64.ActiveCfg = Debug|x64
		{6A867BD6-AB50-4D2C-AE48-A01DF3B28A42}.Debug|x64.Build.0 = Debug|x64
		{6A867BD6-AB50-4D2C-AE48-A01DF3B28A42}.Debug|x64.Deploy.0 = Debug|x64
		{6A867BD6-AB50-4D2C-AE48-A01DF3B28A42}.Debug|x86.ActiveCfg = Debug|x86
		{6A867BD6-AB50-4D2C-AE48-A01DF3B28A42}.Debug|x86.Build.0 = Debug|x86
		{6A867BD6-AB50-4D2C-AE48-A01DF3B28A42}.Debug|x86.Deploy.0 = Debug|x86
		{6A867BD6-AB50-4D2C-AE48-A01DF3B28A42}.Release|Any CPU.ActiveCfg = Release|x86
		{6A867BD6-AB50-4D2C-AE48-A01DF3B28A42}.Release|ARM.ActiveCfg = Release|ARM
		{6A867BD6-AB50-4D2C-AE48-A01DF3B28A42}.Release|ARM.Build.0 = Release|ARM
		{6A867BD6-AB50-4D2C-AE48-A01DF3B28A42}.Release|ARM.Deploy.0 = Release|ARM
		{6A867BD6-AB50-4D2C-AE48-A01DF3B28A42}.Release|x64.ActiveCfg = Release|x64
		{6A867BD6-AB50-4D2C-AE48-A01DF3B28A42}.Release|x64.Build.0 = Release|x64
		{6A867BD6-AB50-4D2C-AE48-A01DF3B28A42}.Release|x64.Deploy.0 = Release|x64
		{6A867BD6-AB50-4D2C-AE48-A01DF3B28A42}.Release|x86.ActiveCfg = Release|x86
		{6A867BD6-AB50-4D2C-AE48-A01DF3B28A42}.Release|x86.Build.0 = Release|x86
		{6A867BD6-AB50-4D2C-AE48-A01DF3B28A42}.Release|x86.Deploy.0 = Release|x86
		{814951AF-54E8-4820-91C9-64CCC42EBA66}.Debug|Any CPU.ActiveCfg = Debug|Any CPU
		{814951AF-54E8-4820-91C9-64CCC42EBA66}.Debug|Any CPU.Build.0 = Debug|Any CPU
		{814951AF-54E8-4820-91C9-64CCC42EBA66}.Debug|ARM.ActiveCfg = Debug|Any CPU
		{814951AF-54E8-4820-91C9-64CCC42EBA66}.Debug|ARM.Build.0 = Debug|Any CPU
		{814951AF-54E8-4820-91C9-64CCC42EBA66}.Debug|x64.ActiveCfg = Debug|Any CPU
		{814951AF-54E8-4820-91C9-64CCC42EBA66}.Debug|x64.Build.0 = Debug|Any CPU
		{814951AF-54E8-4820-91C9-64CCC42EBA66}.Debug|x86.ActiveCfg = Debug|Any CPU
		{814951AF-54E8-4820-91C9-64CCC42EBA66}.Debug|x86.Build.0 = Debug|Any CPU
		{814951AF-54E8-4820-91C9-64CCC42EBA66}.Release|Any CPU.ActiveCfg = Release|Any CPU
		{814951AF-54E8-4820-91C9-64CCC42EBA66}.Release|Any CPU.Build.0 = Release|Any CPU
		{814951AF-54E8-4820-91C9-64CCC42EBA66}.Release|ARM.ActiveCfg = Release|Any CPU
		{814951AF-54E8-4820-91C9-64CCC42EBA66}.Release|ARM.Build.0 = Release|Any CPU
		{814951AF-54E8-4820-91C9-64CCC42EBA66}.Release|x64.ActiveCfg = Release|Any CPU
		{814951AF-54E8-4820-91C9-64CCC42EBA66}.Release|x64.Build.0 = Release|Any CPU
		{814951AF-54E8-4820-91C9-64CCC42EBA66}.Release|x86.ActiveCfg = Release|Any CPU
		{814951AF-54E8-4820-91C9-64CCC42EBA66}.Release|x86.Build.0 = Release|Any CPU
		{21829866-68AB-47D9-A05C-79A63A615D18}.Debug|Any CPU.ActiveCfg = Debug|x86
		{21829866-68AB-47D9-A05C-79A63A615D18}.Debug|ARM.ActiveCfg = Debug|ARM
		{21829866-68AB-47D9-A05C-79A63A615D18}.Debug|ARM.Build.0 = Debug|ARM
		{21829866-68AB-47D9-A05C-79A63A615D18}.Debug|ARM.Deploy.0 = Debug|ARM
		{21829866-68AB-47D9-A05C-79A63A615D18}.Debug|x64.ActiveCfg = Debug|x64
		{21829866-68AB-47D9-A05C-79A63A615D18}.Debug|x64.Build.0 = Debug|x64
		{21829866-68AB-47D9-A05C-79A63A615D18}.Debug|x64.Deploy.0 = Debug|x64
		{21829866-68AB-47D9-A05C-79A63A615D18}.Debug|x86.ActiveCfg = Debug|x86
		{21829866-68AB-47D9-A05C-79A63A615D18}.Debug|x86.Build.0 = Debug|x86
		{21829866-68AB-47D9-A05C-79A63A615D18}.Debug|x86.Deploy.0 = Debug|x86
		{21829866-68AB-47D9-A05C-79A63A615D18}.Release|Any CPU.ActiveCfg = Release|x86
		{21829866-68AB-47D9-A05C-79A63A615D18}.Release|ARM.ActiveCfg = Release|ARM
		{21829866-68AB-47D9-A05C-79A63A615D18}.Release|ARM.Build.0 = Release|ARM
		{21829866-68AB-47D9-A05C-79A63A615D18}.Release|ARM.Deploy.0 = Release|ARM
		{21829866-68AB-47D9-A05C-79A63A615D18}.Release|x64.ActiveCfg = Release|x64
		{21829866-68AB-47D9-A05C-79A63A615D18}.Release|x64.Build.0 = Release|x64
		{21829866-68AB-47D9-A05C-79A63A615D18}.Release|x64.Deploy.0 = Release|x64
		{21829866-68AB-47D9-A05C-79A63A615D18}.Release|x86.ActiveCfg = Release|x86
		{21829866-68AB-47D9-A05C-79A63A615D18}.Release|x86.Build.0 = Release|x86
		{21829866-68AB-47D9-A05C-79A63A615D18}.Release|x86.Deploy.0 = Release|x86
		{18265F63-1E87-47BD-9E3E-ED41C36BAA38}.Debug|Any CPU.ActiveCfg = Debug|Any CPU
		{18265F63-1E87-47BD-9E3E-ED41C36BAA38}.Debug|Any CPU.Build.0 = Debug|Any CPU
		{18265F63-1E87-47BD-9E3E-ED41C36BAA38}.Debug|Any CPU.Deploy.0 = Debug|Any CPU
		{18265F63-1E87-47BD-9E3E-ED41C36BAA38}.Debug|ARM.ActiveCfg = Debug|Any CPU
		{18265F63-1E87-47BD-9E3E-ED41C36BAA38}.Debug|ARM.Build.0 = Debug|Any CPU
		{18265F63-1E87-47BD-9E3E-ED41C36BAA38}.Debug|ARM.Deploy.0 = Debug|Any CPU
		{18265F63-1E87-47BD-9E3E-ED41C36BAA38}.Debug|x64.ActiveCfg = Debug|Any CPU
		{18265F63-1E87-47BD-9E3E-ED41C36BAA38}.Debug|x64.Build.0 = Debug|Any CPU
		{18265F63-1E87-47BD-9E3E-ED41C36BAA38}.Debug|x64.Deploy.0 = Debug|Any CPU
		{18265F63-1E87-47BD-9E3E-ED41C36BAA38}.Debug|x86.ActiveCfg = Debug|Any CPU
		{18265F63-1E87-47BD-9E3E-ED41C36BAA38}.Debug|x86.Build.0 = Debug|Any CPU
		{18265F63-1E87-47BD-9E3E-ED41C36BAA38}.Debug|x86.Deploy.0 = Debug|Any CPU
		{18265F63-1E87-47BD-9E3E-ED41C36BAA38}.Release|Any CPU.ActiveCfg = Release|Any CPU
		{18265F63-1E87-47BD-9E3E-ED41C36BAA38}.Release|Any CPU.Build.0 = Release|Any CPU
		{18265F63-1E87-47BD-9E3E-ED41C36BAA38}.Release|Any CPU.Deploy.0 = Release|Any CPU
		{18265F63-1E87-47BD-9E3E-ED41C36BAA38}.Release|ARM.ActiveCfg = Release|Any CPU
		{18265F63-1E87-47BD-9E3E-ED41C36BAA38}.Release|ARM.Build.0 = Release|Any CPU
		{18265F63-1E87-47BD-9E3E-ED41C36BAA38}.Release|ARM.Deploy.0 = Release|Any CPU
		{18265F63-1E87-47BD-9E3E-ED41C36BAA38}.Release|x64.ActiveCfg = Release|Any CPU
		{18265F63-1E87-47BD-9E3E-ED41C36BAA38}.Release|x64.Build.0 = Release|Any CPU
		{18265F63-1E87-47BD-9E3E-ED41C36BAA38}.Release|x64.Deploy.0 = Release|Any CPU
		{18265F63-1E87-47BD-9E3E-ED41C36BAA38}.Release|x86.ActiveCfg = Release|Any CPU
		{18265F63-1E87-47BD-9E3E-ED41C36BAA38}.Release|x86.Build.0 = Release|Any CPU
		{18265F63-1E87-47BD-9E3E-ED41C36BAA38}.Release|x86.Deploy.0 = Release|Any CPU
		{EA7C483E-09E7-4B3C-B23E-02F501571632}.Debug|Any CPU.ActiveCfg = Debug|Any CPU
		{EA7C483E-09E7-4B3C-B23E-02F501571632}.Debug|Any CPU.Build.0 = Debug|Any CPU
		{EA7C483E-09E7-4B3C-B23E-02F501571632}.Debug|ARM.ActiveCfg = Debug|Any CPU
		{EA7C483E-09E7-4B3C-B23E-02F501571632}.Debug|ARM.Build.0 = Debug|Any CPU
		{EA7C483E-09E7-4B3C-B23E-02F501571632}.Debug|x64.ActiveCfg = Debug|Any CPU
		{EA7C483E-09E7-4B3C-B23E-02F501571632}.Debug|x64.Build.0 = Debug|Any CPU
		{EA7C483E-09E7-4B3C-B23E-02F501571632}.Debug|x86.ActiveCfg = Debug|Any CPU
		{EA7C483E-09E7-4B3C-B23E-02F501571632}.Debug|x86.Build.0 = Debug|Any CPU
		{EA7C483E-09E7-4B3C-B23E-02F501571632}.Release|Any CPU.ActiveCfg = Release|Any CPU
		{EA7C483E-09E7-4B3C-B23E-02F501571632}.Release|Any CPU.Build.0 = Release|Any CPU
		{EA7C483E-09E7-4B3C-B23E-02F501571632}.Release|ARM.ActiveCfg = Release|Any CPU
		{EA7C483E-09E7-4B3C-B23E-02F501571632}.Release|ARM.Build.0 = Release|Any CPU
		{EA7C483E-09E7-4B3C-B23E-02F501571632}.Release|x64.ActiveCfg = Release|Any CPU
		{EA7C483E-09E7-4B3C-B23E-02F501571632}.Release|x64.Build.0 = Release|Any CPU
		{EA7C483E-09E7-4B3C-B23E-02F501571632}.Release|x86.ActiveCfg = Release|Any CPU
		{EA7C483E-09E7-4B3C-B23E-02F501571632}.Release|x86.Build.0 = Release|Any CPU
		{295A39D7-8C47-4ADC-8114-7EA9607B7EF2}.Debug|Any CPU.ActiveCfg = Debug|x86
		{295A39D7-8C47-4ADC-8114-7EA9607B7EF2}.Debug|ARM.ActiveCfg = Debug|ARM
		{295A39D7-8C47-4ADC-8114-7EA9607B7EF2}.Debug|ARM.Build.0 = Debug|ARM
		{295A39D7-8C47-4ADC-8114-7EA9607B7EF2}.Debug|ARM.Deploy.0 = Debug|ARM
		{295A39D7-8C47-4ADC-8114-7EA9607B7EF2}.Debug|x64.ActiveCfg = Debug|x64
		{295A39D7-8C47-4ADC-8114-7EA9607B7EF2}.Debug|x64.Build.0 = Debug|x64
		{295A39D7-8C47-4ADC-8114-7EA9607B7EF2}.Debug|x64.Deploy.0 = Debug|x64
		{295A39D7-8C47-4ADC-8114-7EA9607B7EF2}.Debug|x86.ActiveCfg = Debug|x86
		{295A39D7-8C47-4ADC-8114-7EA9607B7EF2}.Debug|x86.Build.0 = Debug|x86
		{295A39D7-8C47-4ADC-8114-7EA9607B7EF2}.Debug|x86.Deploy.0 = Debug|x86
		{295A39D7-8C47-4ADC-8114-7EA9607B7EF2}.Release|Any CPU.ActiveCfg = Release|x86
		{295A39D7-8C47-4ADC-8114-7EA9607B7EF2}.Release|ARM.ActiveCfg = Release|ARM
		{295A39D7-8C47-4ADC-8114-7EA9607B7EF2}.Release|ARM.Build.0 = Release|ARM
		{295A39D7-8C47-4ADC-8114-7EA9607B7EF2}.Release|ARM.Deploy.0 = Release|ARM
		{295A39D7-8C47-4ADC-8114-7EA9607B7EF2}.Release|x64.ActiveCfg = Release|x64
		{295A39D7-8C47-4ADC-8114-7EA9607B7EF2}.Release|x64.Build.0 = Release|x64
		{295A39D7-8C47-4ADC-8114-7EA9607B7EF2}.Release|x64.Deploy.0 = Release|x64
		{295A39D7-8C47-4ADC-8114-7EA9607B7EF2}.Release|x86.ActiveCfg = Release|x86
		{295A39D7-8C47-4ADC-8114-7EA9607B7EF2}.Release|x86.Build.0 = Release|x86
		{295A39D7-8C47-4ADC-8114-7EA9607B7EF2}.Release|x86.Deploy.0 = Release|x86
		{F9924D97-CE1D-4EB5-99C1-1BC89C6B8B21}.Debug|Any CPU.ActiveCfg = Debug|Any CPU
		{F9924D97-CE1D-4EB5-99C1-1BC89C6B8B21}.Debug|Any CPU.Build.0 = Debug|Any CPU
		{F9924D97-CE1D-4EB5-99C1-1BC89C6B8B21}.Debug|Any CPU.Deploy.0 = Debug|Any CPU
		{F9924D97-CE1D-4EB5-99C1-1BC89C6B8B21}.Debug|ARM.ActiveCfg = Debug|Any CPU
		{F9924D97-CE1D-4EB5-99C1-1BC89C6B8B21}.Debug|ARM.Build.0 = Debug|Any CPU
		{F9924D97-CE1D-4EB5-99C1-1BC89C6B8B21}.Debug|ARM.Deploy.0 = Debug|Any CPU
		{F9924D97-CE1D-4EB5-99C1-1BC89C6B8B21}.Debug|x64.ActiveCfg = Debug|Any CPU
		{F9924D97-CE1D-4EB5-99C1-1BC89C6B8B21}.Debug|x64.Build.0 = Debug|Any CPU
		{F9924D97-CE1D-4EB5-99C1-1BC89C6B8B21}.Debug|x64.Deploy.0 = Debug|Any CPU
		{F9924D97-CE1D-4EB5-99C1-1BC89C6B8B21}.Debug|x86.ActiveCfg = Debug|Any CPU
		{F9924D97-CE1D-4EB5-99C1-1BC89C6B8B21}.Debug|x86.Build.0 = Debug|Any CPU
		{F9924D97-CE1D-4EB5-99C1-1BC89C6B8B21}.Debug|x86.Deploy.0 = Debug|Any CPU
		{F9924D97-CE1D-4EB5-99C1-1BC89C6B8B21}.Release|Any CPU.ActiveCfg = Release|Any CPU
		{F9924D97-CE1D-4EB5-99C1-1BC89C6B8B21}.Release|Any CPU.Build.0 = Release|Any CPU
		{F9924D97-CE1D-4EB5-99C1-1BC89C6B8B21}.Release|Any CPU.Deploy.0 = Release|Any CPU
		{F9924D97-CE1D-4EB5-99C1-1BC89C6B8B21}.Release|ARM.ActiveCfg = Release|Any CPU
		{F9924D97-CE1D-4EB5-99C1-1BC89C6B8B21}.Release|ARM.Build.0 = Release|Any CPU
		{F9924D97-CE1D-4EB5-99C1-1BC89C6B8B21}.Release|ARM.Deploy.0 = Release|Any CPU
		{F9924D97-CE1D-4EB5-99C1-1BC89C6B8B21}.Release|x64.ActiveCfg = Release|Any CPU
		{F9924D97-CE1D-4EB5-99C1-1BC89C6B8B21}.Release|x64.Build.0 = Release|Any CPU
		{F9924D97-CE1D-4EB5-99C1-1BC89C6B8B21}.Release|x64.Deploy.0 = Release|Any CPU
		{F9924D97-CE1D-4EB5-99C1-1BC89C6B8B21}.Release|x86.ActiveCfg = Release|Any CPU
		{F9924D97-CE1D-4EB5-99C1-1BC89C6B8B21}.Release|x86.Build.0 = Release|Any CPU
		{F9924D97-CE1D-4EB5-99C1-1BC89C6B8B21}.Release|x86.Deploy.0 = Release|Any CPU
		{592473A9-171F-4C61-A322-09C8A149D8F6}.Debug|Any CPU.ActiveCfg = Debug|Any CPU
		{592473A9-171F-4C61-A322-09C8A149D8F6}.Debug|Any CPU.Build.0 = Debug|Any CPU
		{592473A9-171F-4C61-A322-09C8A149D8F6}.Debug|ARM.ActiveCfg = Debug|Any CPU
		{592473A9-171F-4C61-A322-09C8A149D8F6}.Debug|ARM.Build.0 = Debug|Any CPU
		{592473A9-171F-4C61-A322-09C8A149D8F6}.Debug|x64.ActiveCfg = Debug|Any CPU
		{592473A9-171F-4C61-A322-09C8A149D8F6}.Debug|x64.Build.0 = Debug|Any CPU
		{592473A9-171F-4C61-A322-09C8A149D8F6}.Debug|x86.ActiveCfg = Debug|Any CPU
		{592473A9-171F-4C61-A322-09C8A149D8F6}.Debug|x86.Build.0 = Debug|Any CPU
		{592473A9-171F-4C61-A322-09C8A149D8F6}.Release|Any CPU.ActiveCfg = Release|Any CPU
		{592473A9-171F-4C61-A322-09C8A149D8F6}.Release|Any CPU.Build.0 = Release|Any CPU
		{592473A9-171F-4C61-A322-09C8A149D8F6}.Release|ARM.ActiveCfg = Release|Any CPU
		{592473A9-171F-4C61-A322-09C8A149D8F6}.Release|ARM.Build.0 = Release|Any CPU
		{592473A9-171F-4C61-A322-09C8A149D8F6}.Release|x64.ActiveCfg = Release|Any CPU
		{592473A9-171F-4C61-A322-09C8A149D8F6}.Release|x64.Build.0 = Release|Any CPU
		{592473A9-171F-4C61-A322-09C8A149D8F6}.Release|x86.ActiveCfg = Release|Any CPU
		{592473A9-171F-4C61-A322-09C8A149D8F6}.Release|x86.Build.0 = Release|Any CPU
		{E3E2EF28-82FD-47E1-9290-9ECB90BF329A}.Debug|Any CPU.ActiveCfg = Debug|x86
		{E3E2EF28-82FD-47E1-9290-9ECB90BF329A}.Debug|ARM.ActiveCfg = Debug|ARM
		{E3E2EF28-82FD-47E1-9290-9ECB90BF329A}.Debug|ARM.Build.0 = Debug|ARM
		{E3E2EF28-82FD-47E1-9290-9ECB90BF329A}.Debug|ARM.Deploy.0 = Debug|ARM
		{E3E2EF28-82FD-47E1-9290-9ECB90BF329A}.Debug|x64.ActiveCfg = Debug|x64
		{E3E2EF28-82FD-47E1-9290-9ECB90BF329A}.Debug|x64.Build.0 = Debug|x64
		{E3E2EF28-82FD-47E1-9290-9ECB90BF329A}.Debug|x64.Deploy.0 = Debug|x64
		{E3E2EF28-82FD-47E1-9290-9ECB90BF329A}.Debug|x86.ActiveCfg = Debug|x86
		{E3E2EF28-82FD-47E1-9290-9ECB90BF329A}.Debug|x86.Build.0 = Debug|x86
		{E3E2EF28-82FD-47E1-9290-9ECB90BF329A}.Debug|x86.Deploy.0 = Debug|x86
		{E3E2EF28-82FD-47E1-9290-9ECB90BF329A}.Release|Any CPU.ActiveCfg = Release|x86
		{E3E2EF28-82FD-47E1-9290-9ECB90BF329A}.Release|ARM.ActiveCfg = Release|ARM
		{E3E2EF28-82FD-47E1-9290-9ECB90BF329A}.Release|ARM.Build.0 = Release|ARM
		{E3E2EF28-82FD-47E1-9290-9ECB90BF329A}.Release|ARM.Deploy.0 = Release|ARM
		{E3E2EF28-82FD-47E1-9290-9ECB90BF329A}.Release|x64.ActiveCfg = Release|x64
		{E3E2EF28-82FD-47E1-9290-9ECB90BF329A}.Release|x64.Build.0 = Release|x64
		{E3E2EF28-82FD-47E1-9290-9ECB90BF329A}.Release|x64.Deploy.0 = Release|x64
		{E3E2EF28-82FD-47E1-9290-9ECB90BF329A}.Release|x86.ActiveCfg = Release|x86
		{E3E2EF28-82FD-47E1-9290-9ECB90BF329A}.Release|x86.Build.0 = Release|x86
		{E3E2EF28-82FD-47E1-9290-9ECB90BF329A}.Release|x86.Deploy.0 = Release|x86
		{F9A7DB9C-A365-4D93-86CB-03CADEA7B235}.Debug|Any CPU.ActiveCfg = Debug|Any CPU
		{F9A7DB9C-A365-4D93-86CB-03CADEA7B235}.Debug|Any CPU.Build.0 = Debug|Any CPU
		{F9A7DB9C-A365-4D93-86CB-03CADEA7B235}.Debug|Any CPU.Deploy.0 = Debug|Any CPU
		{F9A7DB9C-A365-4D93-86CB-03CADEA7B235}.Debug|ARM.ActiveCfg = Debug|Any CPU
		{F9A7DB9C-A365-4D93-86CB-03CADEA7B235}.Debug|ARM.Build.0 = Debug|Any CPU
		{F9A7DB9C-A365-4D93-86CB-03CADEA7B235}.Debug|ARM.Deploy.0 = Debug|Any CPU
		{F9A7DB9C-A365-4D93-86CB-03CADEA7B235}.Debug|x64.ActiveCfg = Debug|Any CPU
		{F9A7DB9C-A365-4D93-86CB-03CADEA7B235}.Debug|x64.Build.0 = Debug|Any CPU
		{F9A7DB9C-A365-4D93-86CB-03CADEA7B235}.Debug|x64.Deploy.0 = Debug|Any CPU
		{F9A7DB9C-A365-4D93-86CB-03CADEA7B235}.Debug|x86.ActiveCfg = Debug|Any CPU
		{F9A7DB9C-A365-4D93-86CB-03CADEA7B235}.Debug|x86.Build.0 = Debug|Any CPU
		{F9A7DB9C-A365-4D93-86CB-03CADEA7B235}.Debug|x86.Deploy.0 = Debug|Any CPU
		{F9A7DB9C-A365-4D93-86CB-03CADEA7B235}.Release|Any CPU.ActiveCfg = Release|Any CPU
		{F9A7DB9C-A365-4D93-86CB-03CADEA7B235}.Release|Any CPU.Build.0 = Release|Any CPU
		{F9A7DB9C-A365-4D93-86CB-03CADEA7B235}.Release|Any CPU.Deploy.0 = Release|Any CPU
		{F9A7DB9C-A365-4D93-86CB-03CADEA7B235}.Release|ARM.ActiveCfg = Release|Any CPU
		{F9A7DB9C-A365-4D93-86CB-03CADEA7B235}.Release|ARM.Build.0 = Release|Any CPU
		{F9A7DB9C-A365-4D93-86CB-03CADEA7B235}.Release|ARM.Deploy.0 = Release|Any CPU
		{F9A7DB9C-A365-4D93-86CB-03CADEA7B235}.Release|x64.ActiveCfg = Release|Any CPU
		{F9A7DB9C-A365-4D93-86CB-03CADEA7B235}.Release|x64.Build.0 = Release|Any CPU
		{F9A7DB9C-A365-4D93-86CB-03CADEA7B235}.Release|x64.Deploy.0 = Release|Any CPU
		{F9A7DB9C-A365-4D93-86CB-03CADEA7B235}.Release|x86.ActiveCfg = Release|Any CPU
		{F9A7DB9C-A365-4D93-86CB-03CADEA7B235}.Release|x86.Build.0 = Release|Any CPU
		{F9A7DB9C-A365-4D93-86CB-03CADEA7B235}.Release|x86.Deploy.0 = Release|Any CPU
		{0F181578-6F3A-4EE6-B64C-4AF1716C171A}.Debug|Any CPU.ActiveCfg = Debug|Any CPU
		{0F181578-6F3A-4EE6-B64C-4AF1716C171A}.Debug|Any CPU.Build.0 = Debug|Any CPU
		{0F181578-6F3A-4EE6-B64C-4AF1716C171A}.Debug|ARM.ActiveCfg = Debug|Any CPU
		{0F181578-6F3A-4EE6-B64C-4AF1716C171A}.Debug|ARM.Build.0 = Debug|Any CPU
		{0F181578-6F3A-4EE6-B64C-4AF1716C171A}.Debug|x64.ActiveCfg = Debug|Any CPU
		{0F181578-6F3A-4EE6-B64C-4AF1716C171A}.Debug|x64.Build.0 = Debug|Any CPU
		{0F181578-6F3A-4EE6-B64C-4AF1716C171A}.Debug|x86.ActiveCfg = Debug|Any CPU
		{0F181578-6F3A-4EE6-B64C-4AF1716C171A}.Debug|x86.Build.0 = Debug|Any CPU
		{0F181578-6F3A-4EE6-B64C-4AF1716C171A}.Release|Any CPU.ActiveCfg = Release|Any CPU
		{0F181578-6F3A-4EE6-B64C-4AF1716C171A}.Release|Any CPU.Build.0 = Release|Any CPU
		{0F181578-6F3A-4EE6-B64C-4AF1716C171A}.Release|ARM.ActiveCfg = Release|Any CPU
		{0F181578-6F3A-4EE6-B64C-4AF1716C171A}.Release|ARM.Build.0 = Release|Any CPU
		{0F181578-6F3A-4EE6-B64C-4AF1716C171A}.Release|x64.ActiveCfg = Release|Any CPU
		{0F181578-6F3A-4EE6-B64C-4AF1716C171A}.Release|x64.Build.0 = Release|Any CPU
		{0F181578-6F3A-4EE6-B64C-4AF1716C171A}.Release|x86.ActiveCfg = Release|Any CPU
		{0F181578-6F3A-4EE6-B64C-4AF1716C171A}.Release|x86.Build.0 = Release|Any CPU
		{3522E67D-FA41-42B9-B76C-3EF8D990FF4C}.Debug|Any CPU.ActiveCfg = Debug|x86
		{3522E67D-FA41-42B9-B76C-3EF8D990FF4C}.Debug|ARM.ActiveCfg = Debug|ARM
		{3522E67D-FA41-42B9-B76C-3EF8D990FF4C}.Debug|ARM.Build.0 = Debug|ARM
		{3522E67D-FA41-42B9-B76C-3EF8D990FF4C}.Debug|ARM.Deploy.0 = Debug|ARM
		{3522E67D-FA41-42B9-B76C-3EF8D990FF4C}.Debug|x64.ActiveCfg = Debug|x64
		{3522E67D-FA41-42B9-B76C-3EF8D990FF4C}.Debug|x64.Build.0 = Debug|x64
		{3522E67D-FA41-42B9-B76C-3EF8D990FF4C}.Debug|x64.Deploy.0 = Debug|x64
		{3522E67D-FA41-42B9-B76C-3EF8D990FF4C}.Debug|x86.ActiveCfg = Debug|x86
		{3522E67D-FA41-42B9-B76C-3EF8D990FF4C}.Debug|x86.Build.0 = Debug|x86
		{3522E67D-FA41-42B9-B76C-3EF8D990FF4C}.Debug|x86.Deploy.0 = Debug|x86
		{3522E67D-FA41-42B9-B76C-3EF8D990FF4C}.Release|Any CPU.ActiveCfg = Release|x86
		{3522E67D-FA41-42B9-B76C-3EF8D990FF4C}.Release|ARM.ActiveCfg = Release|ARM
		{3522E67D-FA41-42B9-B76C-3EF8D990FF4C}.Release|ARM.Build.0 = Release|ARM
		{3522E67D-FA41-42B9-B76C-3EF8D990FF4C}.Release|ARM.Deploy.0 = Release|ARM
		{3522E67D-FA41-42B9-B76C-3EF8D990FF4C}.Release|x64.ActiveCfg = Release|x64
		{3522E67D-FA41-42B9-B76C-3EF8D990FF4C}.Release|x64.Build.0 = Release|x64
		{3522E67D-FA41-42B9-B76C-3EF8D990FF4C}.Release|x64.Deploy.0 = Release|x64
		{3522E67D-FA41-42B9-B76C-3EF8D990FF4C}.Release|x86.ActiveCfg = Release|x86
		{3522E67D-FA41-42B9-B76C-3EF8D990FF4C}.Release|x86.Build.0 = Release|x86
		{3522E67D-FA41-42B9-B76C-3EF8D990FF4C}.Release|x86.Deploy.0 = Release|x86
		{960FA2E0-D04C-4105-A359-F9D48037C91A}.Debug|Any CPU.ActiveCfg = Debug|Any CPU
		{960FA2E0-D04C-4105-A359-F9D48037C91A}.Debug|Any CPU.Build.0 = Debug|Any CPU
		{960FA2E0-D04C-4105-A359-F9D48037C91A}.Debug|Any CPU.Deploy.0 = Debug|Any CPU
		{960FA2E0-D04C-4105-A359-F9D48037C91A}.Debug|ARM.ActiveCfg = Debug|Any CPU
		{960FA2E0-D04C-4105-A359-F9D48037C91A}.Debug|ARM.Build.0 = Debug|Any CPU
		{960FA2E0-D04C-4105-A359-F9D48037C91A}.Debug|ARM.Deploy.0 = Debug|Any CPU
		{960FA2E0-D04C-4105-A359-F9D48037C91A}.Debug|x64.ActiveCfg = Debug|Any CPU
		{960FA2E0-D04C-4105-A359-F9D48037C91A}.Debug|x64.Build.0 = Debug|Any CPU
		{960FA2E0-D04C-4105-A359-F9D48037C91A}.Debug|x64.Deploy.0 = Debug|Any CPU
		{960FA2E0-D04C-4105-A359-F9D48037C91A}.Debug|x86.ActiveCfg = Debug|Any CPU
		{960FA2E0-D04C-4105-A359-F9D48037C91A}.Debug|x86.Build.0 = Debug|Any CPU
		{960FA2E0-D04C-4105-A359-F9D48037C91A}.Debug|x86.Deploy.0 = Debug|Any CPU
		{960FA2E0-D04C-4105-A359-F9D48037C91A}.Release|Any CPU.ActiveCfg = Release|Any CPU
		{960FA2E0-D04C-4105-A359-F9D48037C91A}.Release|Any CPU.Build.0 = Release|Any CPU
		{960FA2E0-D04C-4105-A359-F9D48037C91A}.Release|Any CPU.Deploy.0 = Release|Any CPU
		{960FA2E0-D04C-4105-A359-F9D48037C91A}.Release|ARM.ActiveCfg = Release|Any CPU
		{960FA2E0-D04C-4105-A359-F9D48037C91A}.Release|ARM.Build.0 = Release|Any CPU
		{960FA2E0-D04C-4105-A359-F9D48037C91A}.Release|ARM.Deploy.0 = Release|Any CPU
		{960FA2E0-D04C-4105-A359-F9D48037C91A}.Release|x64.ActiveCfg = Release|Any CPU
		{960FA2E0-D04C-4105-A359-F9D48037C91A}.Release|x64.Build.0 = Release|Any CPU
		{960FA2E0-D04C-4105-A359-F9D48037C91A}.Release|x64.Deploy.0 = Release|Any CPU
		{960FA2E0-D04C-4105-A359-F9D48037C91A}.Release|x86.ActiveCfg = Release|Any CPU
		{960FA2E0-D04C-4105-A359-F9D48037C91A}.Release|x86.Build.0 = Release|Any CPU
		{960FA2E0-D04C-4105-A359-F9D48037C91A}.Release|x86.Deploy.0 = Release|Any CPU
		{8E3CE9C0-728E-4C80-AEE9-B2F6F0B27F53}.Debug|Any CPU.ActiveCfg = Debug|Any CPU
		{8E3CE9C0-728E-4C80-AEE9-B2F6F0B27F53}.Debug|Any CPU.Build.0 = Debug|Any CPU
		{8E3CE9C0-728E-4C80-AEE9-B2F6F0B27F53}.Debug|ARM.ActiveCfg = Debug|Any CPU
		{8E3CE9C0-728E-4C80-AEE9-B2F6F0B27F53}.Debug|ARM.Build.0 = Debug|Any CPU
		{8E3CE9C0-728E-4C80-AEE9-B2F6F0B27F53}.Debug|x64.ActiveCfg = Debug|Any CPU
		{8E3CE9C0-728E-4C80-AEE9-B2F6F0B27F53}.Debug|x64.Build.0 = Debug|Any CPU
		{8E3CE9C0-728E-4C80-AEE9-B2F6F0B27F53}.Debug|x86.ActiveCfg = Debug|Any CPU
		{8E3CE9C0-728E-4C80-AEE9-B2F6F0B27F53}.Debug|x86.Build.0 = Debug|Any CPU
		{8E3CE9C0-728E-4C80-AEE9-B2F6F0B27F53}.Release|Any CPU.ActiveCfg = Release|Any CPU
		{8E3CE9C0-728E-4C80-AEE9-B2F6F0B27F53}.Release|Any CPU.Build.0 = Release|Any CPU
		{8E3CE9C0-728E-4C80-AEE9-B2F6F0B27F53}.Release|ARM.ActiveCfg = Release|Any CPU
		{8E3CE9C0-728E-4C80-AEE9-B2F6F0B27F53}.Release|ARM.Build.0 = Release|Any CPU
		{8E3CE9C0-728E-4C80-AEE9-B2F6F0B27F53}.Release|x64.ActiveCfg = Release|Any CPU
		{8E3CE9C0-728E-4C80-AEE9-B2F6F0B27F53}.Release|x64.Build.0 = Release|Any CPU
		{8E3CE9C0-728E-4C80-AEE9-B2F6F0B27F53}.Release|x86.ActiveCfg = Release|Any CPU
		{8E3CE9C0-728E-4C80-AEE9-B2F6F0B27F53}.Release|x86.Build.0 = Release|Any CPU
		{805631B3-1AD3-438C-BB3B-7051304D5063}.Debug|Any CPU.ActiveCfg = Debug|x86
		{805631B3-1AD3-438C-BB3B-7051304D5063}.Debug|ARM.ActiveCfg = Debug|ARM
		{805631B3-1AD3-438C-BB3B-7051304D5063}.Debug|ARM.Build.0 = Debug|ARM
		{805631B3-1AD3-438C-BB3B-7051304D5063}.Debug|ARM.Deploy.0 = Debug|ARM
		{805631B3-1AD3-438C-BB3B-7051304D5063}.Debug|x64.ActiveCfg = Debug|x64
		{805631B3-1AD3-438C-BB3B-7051304D5063}.Debug|x64.Build.0 = Debug|x64
		{805631B3-1AD3-438C-BB3B-7051304D5063}.Debug|x64.Deploy.0 = Debug|x64
		{805631B3-1AD3-438C-BB3B-7051304D5063}.Debug|x86.ActiveCfg = Debug|x86
		{805631B3-1AD3-438C-BB3B-7051304D5063}.Debug|x86.Build.0 = Debug|x86
		{805631B3-1AD3-438C-BB3B-7051304D5063}.Debug|x86.Deploy.0 = Debug|x86
		{805631B3-1AD3-438C-BB3B-7051304D5063}.Release|Any CPU.ActiveCfg = Release|x86
		{805631B3-1AD3-438C-BB3B-7051304D5063}.Release|ARM.ActiveCfg = Release|ARM
		{805631B3-1AD3-438C-BB3B-7051304D5063}.Release|ARM.Build.0 = Release|ARM
		{805631B3-1AD3-438C-BB3B-7051304D5063}.Release|ARM.Deploy.0 = Release|ARM
		{805631B3-1AD3-438C-BB3B-7051304D5063}.Release|x64.ActiveCfg = Release|x64
		{805631B3-1AD3-438C-BB3B-7051304D5063}.Release|x64.Build.0 = Release|x64
		{805631B3-1AD3-438C-BB3B-7051304D5063}.Release|x64.Deploy.0 = Release|x64
		{805631B3-1AD3-438C-BB3B-7051304D5063}.Release|x86.ActiveCfg = Release|x86
		{805631B3-1AD3-438C-BB3B-7051304D5063}.Release|x86.Build.0 = Release|x86
		{805631B3-1AD3-438C-BB3B-7051304D5063}.Release|x86.Deploy.0 = Release|x86
		{871A5D12-90C7-4851-A610-9808CA361392}.Debug|Any CPU.ActiveCfg = Debug|Any CPU
		{871A5D12-90C7-4851-A610-9808CA361392}.Debug|Any CPU.Build.0 = Debug|Any CPU
		{871A5D12-90C7-4851-A610-9808CA361392}.Debug|Any CPU.Deploy.0 = Debug|Any CPU
		{871A5D12-90C7-4851-A610-9808CA361392}.Debug|ARM.ActiveCfg = Debug|Any CPU
		{871A5D12-90C7-4851-A610-9808CA361392}.Debug|ARM.Build.0 = Debug|Any CPU
		{871A5D12-90C7-4851-A610-9808CA361392}.Debug|ARM.Deploy.0 = Debug|Any CPU
		{871A5D12-90C7-4851-A610-9808CA361392}.Debug|x64.ActiveCfg = Debug|Any CPU
		{871A5D12-90C7-4851-A610-9808CA361392}.Debug|x64.Build.0 = Debug|Any CPU
		{871A5D12-90C7-4851-A610-9808CA361392}.Debug|x64.Deploy.0 = Debug|Any CPU
		{871A5D12-90C7-4851-A610-9808CA361392}.Debug|x86.ActiveCfg = Debug|Any CPU
		{871A5D12-90C7-4851-A610-9808CA361392}.Debug|x86.Build.0 = Debug|Any CPU
		{871A5D12-90C7-4851-A610-9808CA361392}.Debug|x86.Deploy.0 = Debug|Any CPU
		{871A5D12-90C7-4851-A610-9808CA361392}.Release|Any CPU.ActiveCfg = Release|Any CPU
		{871A5D12-90C7-4851-A610-9808CA361392}.Release|Any CPU.Build.0 = Release|Any CPU
		{871A5D12-90C7-4851-A610-9808CA361392}.Release|Any CPU.Deploy.0 = Release|Any CPU
		{871A5D12-90C7-4851-A610-9808CA361392}.Release|ARM.ActiveCfg = Release|Any CPU
		{871A5D12-90C7-4851-A610-9808CA361392}.Release|ARM.Build.0 = Release|Any CPU
		{871A5D12-90C7-4851-A610-9808CA361392}.Release|ARM.Deploy.0 = Release|Any CPU
		{871A5D12-90C7-4851-A610-9808CA361392}.Release|x64.ActiveCfg = Release|Any CPU
		{871A5D12-90C7-4851-A610-9808CA361392}.Release|x64.Build.0 = Release|Any CPU
		{871A5D12-90C7-4851-A610-9808CA361392}.Release|x64.Deploy.0 = Release|Any CPU
		{871A5D12-90C7-4851-A610-9808CA361392}.Release|x86.ActiveCfg = Release|Any CPU
		{871A5D12-90C7-4851-A610-9808CA361392}.Release|x86.Build.0 = Release|Any CPU
		{871A5D12-90C7-4851-A610-9808CA361392}.Release|x86.Deploy.0 = Release|Any CPU
		{AA40ACB2-F07D-46C1-A4B0-D886F72FC4DD}.Debug|Any CPU.ActiveCfg = Debug|Any CPU
		{AA40ACB2-F07D-46C1-A4B0-D886F72FC4DD}.Debug|Any CPU.Build.0 = Debug|Any CPU
		{AA40ACB2-F07D-46C1-A4B0-D886F72FC4DD}.Debug|ARM.ActiveCfg = Debug|Any CPU
		{AA40ACB2-F07D-46C1-A4B0-D886F72FC4DD}.Debug|ARM.Build.0 = Debug|Any CPU
		{AA40ACB2-F07D-46C1-A4B0-D886F72FC4DD}.Debug|x64.ActiveCfg = Debug|Any CPU
		{AA40ACB2-F07D-46C1-A4B0-D886F72FC4DD}.Debug|x64.Build.0 = Debug|Any CPU
		{AA40ACB2-F07D-46C1-A4B0-D886F72FC4DD}.Debug|x86.ActiveCfg = Debug|Any CPU
		{AA40ACB2-F07D-46C1-A4B0-D886F72FC4DD}.Debug|x86.Build.0 = Debug|Any CPU
		{AA40ACB2-F07D-46C1-A4B0-D886F72FC4DD}.Release|Any CPU.ActiveCfg = Release|Any CPU
		{AA40ACB2-F07D-46C1-A4B0-D886F72FC4DD}.Release|Any CPU.Build.0 = Release|Any CPU
		{AA40ACB2-F07D-46C1-A4B0-D886F72FC4DD}.Release|ARM.ActiveCfg = Release|Any CPU
		{AA40ACB2-F07D-46C1-A4B0-D886F72FC4DD}.Release|ARM.Build.0 = Release|Any CPU
		{AA40ACB2-F07D-46C1-A4B0-D886F72FC4DD}.Release|x64.ActiveCfg = Release|Any CPU
		{AA40ACB2-F07D-46C1-A4B0-D886F72FC4DD}.Release|x64.Build.0 = Release|Any CPU
		{AA40ACB2-F07D-46C1-A4B0-D886F72FC4DD}.Release|x86.ActiveCfg = Release|Any CPU
		{AA40ACB2-F07D-46C1-A4B0-D886F72FC4DD}.Release|x86.Build.0 = Release|Any CPU
	EndGlobalSection
	GlobalSection(SolutionProperties) = preSolution
		HideSolutionNode = FALSE
	EndGlobalSection
	GlobalSection(NestedProjects) = preSolution
		{6A867BD6-AB50-4D2C-AE48-A01DF3B28A42} = {CAAB3FDA-352C-438E-9036-A2127F08EA59}
		{814951AF-54E8-4820-91C9-64CCC42EBA66} = {CAAB3FDA-352C-438E-9036-A2127F08EA59}
		{21829866-68AB-47D9-A05C-79A63A615D18} = {6F57FAAE-BB3E-4248-83E1-F04493497E38}
		{18265F63-1E87-47BD-9E3E-ED41C36BAA38} = {6F57FAAE-BB3E-4248-83E1-F04493497E38}
		{EA7C483E-09E7-4B3C-B23E-02F501571632} = {6F57FAAE-BB3E-4248-83E1-F04493497E38}
		{295A39D7-8C47-4ADC-8114-7EA9607B7EF2} = {04267023-A068-44D2-9DFA-83E6CDBB88AC}
		{F9924D97-CE1D-4EB5-99C1-1BC89C6B8B21} = {04267023-A068-44D2-9DFA-83E6CDBB88AC}
		{592473A9-171F-4C61-A322-09C8A149D8F6} = {04267023-A068-44D2-9DFA-83E6CDBB88AC}
		{E3E2EF28-82FD-47E1-9290-9ECB90BF329A} = {6152FC07-D6E2-46B2-BFBD-9F51F14DFF65}
		{F9A7DB9C-A365-4D93-86CB-03CADEA7B235} = {6152FC07-D6E2-46B2-BFBD-9F51F14DFF65}
		{0F181578-6F3A-4EE6-B64C-4AF1716C171A} = {6152FC07-D6E2-46B2-BFBD-9F51F14DFF65}
		{3522E67D-FA41-42B9-B76C-3EF8D990FF4C} = {C74F86CA-55F5-4050-9978-451B0D17F967}
		{960FA2E0-D04C-4105-A359-F9D48037C91A} = {C74F86CA-55F5-4050-9978-451B0D17F967}
		{8E3CE9C0-728E-4C80-AEE9-B2F6F0B27F53} = {C74F86CA-55F5-4050-9978-451B0D17F967}
		{805631B3-1AD3-438C-BB3B-7051304D5063} = {76C8FA38-E339-4C31-BFF0-6201DA185286}
		{871A5D12-90C7-4851-A610-9808CA361392} = {76C8FA38-E339-4C31-BFF0-6201DA185286}
		{AA40ACB2-F07D-46C1-A4B0-D886F72FC4DD} = {76C8FA38-E339-4C31-BFF0-6201DA185286}
	EndGlobalSection
	GlobalSection(ExtensibilityGlobals) = postSolution
		SolutionGuid = {745FE60A-F876-4033-9CDA-3E1FF7CFF9A0}
	EndGlobalSection
EndGlobal
