
Microsoft Visual Studio Solution File, Format Version 12.00
# Visual Studio Version 16
VisualStudioVersion = 16.0.29920.165
MinimumVisualStudioVersion = 10.0.40219.1
Project("{FAE04EC0-301F-11D3-BF4B-00C04F79EFBC}") = "ENI-Xamarin-30032020.UWP", "ENI-Xamarin-30032020\ENI-Xamarin-30032020.UWP\ENI-Xamarin-30032020.UWP.csproj", "{11A0E5FB-9906-4CBE-8131-7D5738F57526}"
EndProject
Project("{FAE04EC0-301F-11D3-BF4B-00C04F79EFBC}") = "ENI-Xamarin-30032020.Android", "ENI-Xamarin-30032020\ENI-Xamarin-30032020.Android\ENI-Xamarin-30032020.Android.csproj", "{C40AB08A-98E9-430D-85C0-C14495FC5E9C}"
EndProject
Project("{FAE04EC0-301F-11D3-BF4B-00C04F79EFBC}") = "ENI-Xamarin-30032020", "ENI-Xamarin-30032020\ENI-Xamarin-30032020\ENI-Xamarin-30032020.csproj", "{04F9DA7E-9F80-4FA4-A0F4-6B58E35A6F7A}"
EndProject
Project("{2150E333-8FDC-42A3-9474-1A3956D46DE8}") = "Module4-TP01", "Module4-TP01", "{CAAB3FDA-352C-438E-9036-A2127F08EA59}"
EndProject
Project("{FAE04EC0-301F-11D3-BF4B-00C04F79EFBC}") = "Xamrin-Module4-TP01.UWP", "Xamrin-Module4-TP01\Xamrin-Module4-TP01.UWP\Xamrin-Module4-TP01.UWP.csproj", "{6A867BD6-AB50-4D2C-AE48-A01DF3B28A42}"
EndProject
Project("{FAE04EC0-301F-11D3-BF4B-00C04F79EFBC}") = "Xamrin-Module4-TP01", "Xamrin-Module4-TP01\Xamrin-Module4-TP01\Xamrin-Module4-TP01.csproj", "{814951AF-54E8-4820-91C9-64CCC42EBA66}"
EndProject
Global
	GlobalSection(SolutionConfigurationPlatforms) = preSolution
		Debug|Any CPU = Debug|Any CPU
		Debug|ARM = Debug|ARM
		Debug|x64 = Debug|x64
		Debug|x86 = Debug|x86
		Release|Any CPU = Release|Any CPU
		Release|ARM = Release|ARM
		Release|x64 = Release|x64
		Release|x86 = Release|x86
	EndGlobalSection
	GlobalSection(ProjectConfigurationPlatforms) = postSolution
		{11A0E5FB-9906-4CBE-8131-7D5738F57526}.Debug|Any CPU.ActiveCfg = Debug|x86
		{11A0E5FB-9906-4CBE-8131-7D5738F57526}.Debug|Any CPU.Build.0 = Debug|x86
		{11A0E5FB-9906-4CBE-8131-7D5738F57526}.Debug|Any CPU.Deploy.0 = Debug|x86
		{11A0E5FB-9906-4CBE-8131-7D5738F57526}.Debug|ARM.ActiveCfg = Debug|ARM
		{11A0E5FB-9906-4CBE-8131-7D5738F57526}.Debug|ARM.Build.0 = Debug|ARM
		{11A0E5FB-9906-4CBE-8131-7D5738F57526}.Debug|ARM.Deploy.0 = Debug|ARM
		{11A0E5FB-9906-4CBE-8131-7D5738F57526}.Debug|x64.ActiveCfg = Debug|x64
		{11A0E5FB-9906-4CBE-8131-7D5738F57526}.Debug|x64.Build.0 = Debug|x64
		{11A0E5FB-9906-4CBE-8131-7D5738F57526}.Debug|x64.Deploy.0 = Debug|x64
		{11A0E5FB-9906-4CBE-8131-7D5738F57526}.Debug|x86.ActiveCfg = Debug|x86
		{11A0E5FB-9906-4CBE-8131-7D5738F57526}.Debug|x86.Build.0 = Debug|x86
		{11A0E5FB-9906-4CBE-8131-7D5738F57526}.Debug|x86.Deploy.0 = Debug|x86
		{11A0E5FB-9906-4CBE-8131-7D5738F57526}.Release|Any CPU.ActiveCfg = Release|x86
		{11A0E5FB-9906-4CBE-8131-7D5738F57526}.Release|Any CPU.Build.0 = Release|x86
		{11A0E5FB-9906-4CBE-8131-7D5738F57526}.Release|Any CPU.Deploy.0 = Release|x86
		{11A0E5FB-9906-4CBE-8131-7D5738F57526}.Release|ARM.ActiveCfg = Release|ARM
		{11A0E5FB-9906-4CBE-8131-7D5738F57526}.Release|ARM.Build.0 = Release|ARM
		{11A0E5FB-9906-4CBE-8131-7D5738F57526}.Release|ARM.Deploy.0 = Release|ARM
		{11A0E5FB-9906-4CBE-8131-7D5738F57526}.Release|x64.ActiveCfg = Release|x64
		{11A0E5FB-9906-4CBE-8131-7D5738F57526}.Release|x64.Build.0 = Release|x64
		{11A0E5FB-9906-4CBE-8131-7D5738F57526}.Release|x64.Deploy.0 = Release|x64
		{11A0E5FB-9906-4CBE-8131-7D5738F57526}.Release|x86.ActiveCfg = Release|x86
		{11A0E5FB-9906-4CBE-8131-7D5738F57526}.Release|x86.Build.0 = Release|x86
		{11A0E5FB-9906-4CBE-8131-7D5738F57526}.Release|x86.Deploy.0 = Release|x86
		{C40AB08A-98E9-430D-85C0-C14495FC5E9C}.Debug|Any CPU.ActiveCfg = Debug|Any CPU
		{C40AB08A-98E9-430D-85C0-C14495FC5E9C}.Debug|Any CPU.Build.0 = Debug|Any CPU
		{C40AB08A-98E9-430D-85C0-C14495FC5E9C}.Debug|Any CPU.Deploy.0 = Debug|Any CPU
		{C40AB08A-98E9-430D-85C0-C14495FC5E9C}.Debug|ARM.ActiveCfg = Debug|Any CPU
		{C40AB08A-98E9-430D-85C0-C14495FC5E9C}.Debug|ARM.Build.0 = Debug|Any CPU
		{C40AB08A-98E9-430D-85C0-C14495FC5E9C}.Debug|ARM.Deploy.0 = Debug|Any CPU
		{C40AB08A-98E9-430D-85C0-C14495FC5E9C}.Debug|x64.ActiveCfg = Debug|Any CPU
		{C40AB08A-98E9-430D-85C0-C14495FC5E9C}.Debug|x64.Build.0 = Debug|Any CPU
		{C40AB08A-98E9-430D-85C0-C14495FC5E9C}.Debug|x64.Deploy.0 = Debug|Any CPU
		{C40AB08A-98E9-430D-85C0-C14495FC5E9C}.Debug|x86.ActiveCfg = Debug|Any CPU
		{C40AB08A-98E9-430D-85C0-C14495FC5E9C}.Debug|x86.Build.0 = Debug|Any CPU
		{C40AB08A-98E9-430D-85C0-C14495FC5E9C}.Debug|x86.Deploy.0 = Debug|Any CPU
		{C40AB08A-98E9-430D-85C0-C14495FC5E9C}.Release|Any CPU.ActiveCfg = Release|Any CPU
		{C40AB08A-98E9-430D-85C0-C14495FC5E9C}.Release|Any CPU.Build.0 = Release|Any CPU
		{C40AB08A-98E9-430D-85C0-C14495FC5E9C}.Release|Any CPU.Deploy.0 = Release|Any CPU
		{C40AB08A-98E9-430D-85C0-C14495FC5E9C}.Release|ARM.ActiveCfg = Release|Any CPU
		{C40AB08A-98E9-430D-85C0-C14495FC5E9C}.Release|ARM.Build.0 = Release|Any CPU
		{C40AB08A-98E9-430D-85C0-C14495FC5E9C}.Release|ARM.Deploy.0 = Release|Any CPU
		{C40AB08A-98E9-430D-85C0-C14495FC5E9C}.Release|x64.ActiveCfg = Release|Any CPU
		{C40AB08A-98E9-430D-85C0-C14495FC5E9C}.Release|x64.Build.0 = Release|Any CPU
		{C40AB08A-98E9-430D-85C0-C14495FC5E9C}.Release|x64.Deploy.0 = Release|Any CPU
		{C40AB08A-98E9-430D-85C0-C14495FC5E9C}.Release|x86.ActiveCfg = Release|Any CPU
		{C40AB08A-98E9-430D-85C0-C14495FC5E9C}.Release|x86.Build.0 = Release|Any CPU
		{C40AB08A-98E9-430D-85C0-C14495FC5E9C}.Release|x86.Deploy.0 = Release|Any CPU
		{04F9DA7E-9F80-4FA4-A0F4-6B58E35A6F7A}.Debug|Any CPU.ActiveCfg = Debug|Any CPU
		{04F9DA7E-9F80-4FA4-A0F4-6B58E35A6F7A}.Debug|Any CPU.Build.0 = Debug|Any CPU
		{04F9DA7E-9F80-4FA4-A0F4-6B58E35A6F7A}.Debug|Any CPU.Deploy.0 = Debug|Any CPU
		{04F9DA7E-9F80-4FA4-A0F4-6B58E35A6F7A}.Debug|ARM.ActiveCfg = Debug|Any CPU
		{04F9DA7E-9F80-4FA4-A0F4-6B58E35A6F7A}.Debug|ARM.Build.0 = Debug|Any CPU
		{04F9DA7E-9F80-4FA4-A0F4-6B58E35A6F7A}.Debug|ARM.Deploy.0 = Debug|Any CPU
		{04F9DA7E-9F80-4FA4-A0F4-6B58E35A6F7A}.Debug|x64.ActiveCfg = Debug|Any CPU
		{04F9DA7E-9F80-4FA4-A0F4-6B58E35A6F7A}.Debug|x64.Build.0 = Debug|Any CPU
		{04F9DA7E-9F80-4FA4-A0F4-6B58E35A6F7A}.Debug|x64.Deploy.0 = Debug|Any CPU
		{04F9DA7E-9F80-4FA4-A0F4-6B58E35A6F7A}.Debug|x86.ActiveCfg = Debug|Any CPU
		{04F9DA7E-9F80-4FA4-A0F4-6B58E35A6F7A}.Debug|x86.Build.0 = Debug|Any CPU
		{04F9DA7E-9F80-4FA4-A0F4-6B58E35A6F7A}.Debug|x86.Deploy.0 = Debug|Any CPU
		{04F9DA7E-9F80-4FA4-A0F4-6B58E35A6F7A}.Release|Any CPU.ActiveCfg = Release|Any CPU
		{04F9DA7E-9F80-4FA4-A0F4-6B58E35A6F7A}.Release|Any CPU.Build.0 = Release|Any CPU
		{04F9DA7E-9F80-4FA4-A0F4-6B58E35A6F7A}.Release|Any CPU.Deploy.0 = Release|Any CPU
		{04F9DA7E-9F80-4FA4-A0F4-6B58E35A6F7A}.Release|ARM.ActiveCfg = Release|Any CPU
		{04F9DA7E-9F80-4FA4-A0F4-6B58E35A6F7A}.Release|ARM.Build.0 = Release|Any CPU
		{04F9DA7E-9F80-4FA4-A0F4-6B58E35A6F7A}.Release|ARM.Deploy.0 = Release|Any CPU
		{04F9DA7E-9F80-4FA4-A0F4-6B58E35A6F7A}.Release|x64.ActiveCfg = Release|Any CPU
		{04F9DA7E-9F80-4FA4-A0F4-6B58E35A6F7A}.Release|x64.Build.0 = Release|Any CPU
		{04F9DA7E-9F80-4FA4-A0F4-6B58E35A6F7A}.Release|x64.Deploy.0 = Release|Any CPU
		{04F9DA7E-9F80-4FA4-A0F4-6B58E35A6F7A}.Release|x86.ActiveCfg = Release|Any CPU
		{04F9DA7E-9F80-4FA4-A0F4-6B58E35A6F7A}.Release|x86.Build.0 = Release|Any CPU
		{04F9DA7E-9F80-4FA4-A0F4-6B58E35A6F7A}.Release|x86.Deploy.0 = Release|Any CPU
		{6A867BD6-AB50-4D2C-AE48-A01DF3B28A42}.Debug|Any CPU.ActiveCfg = Debug|x86
		{6A867BD6-AB50-4D2C-AE48-A01DF3B28A42}.Debug|ARM.ActiveCfg = Debug|ARM
		{6A867BD6-AB50-4D2C-AE48-A01DF3B28A42}.Debug|ARM.Build.0 = Debug|ARM
		{6A867BD6-AB50-4D2C-AE48-A01DF3B28A42}.Debug|ARM.Deploy.0 = Debug|ARM
		{6A867BD6-AB50-4D2C-AE48-A01DF3B28A42}.Debug|x64.ActiveCfg = Debug|x64
		{6A867BD6-AB50-4D2C-AE48-A01DF3B28A42}.Debug|x64.Build.0 = Debug|x64
		{6A867BD6-AB50-4D2C-AE48-A01DF3B28A42}.Debug|x64.Deploy.0 = Debug|x64
		{6A867BD6-AB50-4D2C-AE48-A01DF3B28A42}.Debug|x86.ActiveCfg = Debug|x86
		{6A867BD6-AB50-4D2C-AE48-A01DF3B28A42}.Debug|x86.Build.0 = Debug|x86
		{6A867BD6-AB50-4D2C-AE48-A01DF3B28A42}.Debug|x86.Deploy.0 = Debug|x86
		{6A867BD6-AB50-4D2C-AE48-A01DF3B28A42}.Release|Any CPU.ActiveCfg = Release|x86
		{6A867BD6-AB50-4D2C-AE48-A01DF3B28A42}.Release|ARM.ActiveCfg = Release|ARM
		{6A867BD6-AB50-4D2C-AE48-A01DF3B28A42}.Release|ARM.Build.0 = Release|ARM
		{6A867BD6-AB50-4D2C-AE48-A01DF3B28A42}.Release|ARM.Deploy.0 = Release|ARM
		{6A867BD6-AB50-4D2C-AE48-A01DF3B28A42}.Release|x64.ActiveCfg = Release|x64
		{6A867BD6-AB50-4D2C-AE48-A01DF3B28A42}.Release|x64.Build.0 = Release|x64
		{6A867BD6-AB50-4D2C-AE48-A01DF3B28A42}.Release|x64.Deploy.0 = Release|x64
		{6A867BD6-AB50-4D2C-AE48-A01DF3B28A42}.Release|x86.ActiveCfg = Release|x86
		{6A867BD6-AB50-4D2C-AE48-A01DF3B28A42}.Release|x86.Build.0 = Release|x86
		{6A867BD6-AB50-4D2C-AE48-A01DF3B28A42}.Release|x86.Deploy.0 = Release|x86
		{814951AF-54E8-4820-91C9-64CCC42EBA66}.Debug|Any CPU.ActiveCfg = Debug|Any CPU
		{814951AF-54E8-4820-91C9-64CCC42EBA66}.Debug|Any CPU.Build.0 = Debug|Any CPU
		{814951AF-54E8-4820-91C9-64CCC42EBA66}.Debug|ARM.ActiveCfg = Debug|Any CPU
		{814951AF-54E8-4820-91C9-64CCC42EBA66}.Debug|ARM.Build.0 = Debug|Any CPU
		{814951AF-54E8-4820-91C9-64CCC42EBA66}.Debug|x64.ActiveCfg = Debug|Any CPU
		{814951AF-54E8-4820-91C9-64CCC42EBA66}.Debug|x64.Build.0 = Debug|Any CPU
		{814951AF-54E8-4820-91C9-64CCC42EBA66}.Debug|x86.ActiveCfg = Debug|Any CPU
		{814951AF-54E8-4820-91C9-64CCC42EBA66}.Debug|x86.Build.0 = Debug|Any CPU
		{814951AF-54E8-4820-91C9-64CCC42EBA66}.Release|Any CPU.ActiveCfg = Release|Any CPU
		{814951AF-54E8-4820-91C9-64CCC42EBA66}.Release|Any CPU.Build.0 = Release|Any CPU
		{814951AF-54E8-4820-91C9-64CCC42EBA66}.Release|ARM.ActiveCfg = Release|Any CPU
		{814951AF-54E8-4820-91C9-64CCC42EBA66}.Release|ARM.Build.0 = Release|Any CPU
		{814951AF-54E8-4820-91C9-64CCC42EBA66}.Release|x64.ActiveCfg = Release|Any CPU
		{814951AF-54E8-4820-91C9-64CCC42EBA66}.Release|x64.Build.0 = Release|Any CPU
		{814951AF-54E8-4820-91C9-64CCC42EBA66}.Release|x86.ActiveCfg = Release|Any CPU
		{814951AF-54E8-4820-91C9-64CCC42EBA66}.Release|x86.Build.0 = Release|Any CPU
	EndGlobalSection
	GlobalSection(SolutionProperties) = preSolution
		HideSolutionNode = FALSE
	EndGlobalSection
	GlobalSection(NestedProjects) = preSolution
		{6A867BD6-AB50-4D2C-AE48-A01DF3B28A42} = {CAAB3FDA-352C-438E-9036-A2127F08EA59}
		{814951AF-54E8-4820-91C9-64CCC42EBA66} = {CAAB3FDA-352C-438E-9036-A2127F08EA59}
	EndGlobalSection
	GlobalSection(ExtensibilityGlobals) = postSolution
		SolutionGuid = {745FE60A-F876-4033-9CDA-3E1FF7CFF9A0}
	EndGlobalSection
EndGlobal
